{
  "version": "4",
  "specifiers": {
    "jsr:@db/sqlite@0.12": "0.12.0",
    "jsr:@denosaurs/plug@1": "1.0.6",
    "jsr:@std/assert@0.217": "0.217.0",
    "jsr:@std/assert@0.221": "0.221.0",
    "jsr:@std/assert@1": "1.0.8",
    "jsr:@std/dotenv@*": "0.225.2",
    "jsr:@std/encoding@0.221": "0.221.0",
    "jsr:@std/fmt@0.221": "0.221.0",
    "jsr:@std/fmt@^1.0.3": "1.0.3",
    "jsr:@std/fs@0.221": "0.221.0",
    "jsr:@std/fs@^1.0.6": "1.0.6",
    "jsr:@std/internal@^1.0.5": "1.0.5",
    "jsr:@std/io@0.225": "0.225.0",
    "jsr:@std/log@~0.224.11": "0.224.11",
    "jsr:@std/path@0.217": "0.217.0",
    "jsr:@std/path@0.221": "0.221.0",
    "npm:@thi.ng/leb128@^3.1.22": "3.1.22",
    "npm:cli-progress@^3.12.0": "3.12.0"
  },
  "jsr": {
    "@db/sqlite@0.12.0": {
      "integrity": "dd1ef7f621ad50fc1e073a1c3609c4470bd51edc0994139c5bf9851de7a6d85f",
      "dependencies": [
        "jsr:@denosaurs/plug",
        "jsr:@std/path@0.217"
      ]
    },
    "@denosaurs/plug@1.0.6": {
      "integrity": "6cf5b9daba7799837b9ffbe89f3450510f588fafef8115ddab1ff0be9cb7c1a7",
      "dependencies": [
        "jsr:@std/encoding",
        "jsr:@std/fmt@0.221",
        "jsr:@std/fs@0.221",
        "jsr:@std/path@0.221"
      ]
    },
    "@std/assert@0.217.0": {
      "integrity": "c98e279362ca6982d5285c3b89517b757c1e3477ee9f14eb2fdf80a45aaa9642"
    },
    "@std/assert@0.221.0": {
      "integrity": "a5f1aa6e7909dbea271754fd4ab3f4e687aeff4873b4cef9a320af813adb489a"
    },
    "@std/assert@1.0.8": {
      "integrity": "ebe0bd7eb488ee39686f77003992f389a06c3da1bbd8022184804852b2fa641b",
      "dependencies": [
        "jsr:@std/internal"
      ]
    },
    "@std/dotenv@0.225.2": {
      "integrity": "e2025dce4de6c7bca21dece8baddd4262b09d5187217e231b033e088e0c4dd23"
    },
    "@std/encoding@0.221.0": {
      "integrity": "d1dd76ef0dc5d14088411e6dc1dede53bf8308c95d1537df1214c97137208e45"
    },
    "@std/fmt@0.221.0": {
      "integrity": "379fed69bdd9731110f26b9085aeb740606b20428ce6af31ef6bd45ef8efa62a"
    },
    "@std/fmt@1.0.3": {
      "integrity": "97765c16aa32245ff4e2204ecf7d8562496a3cb8592340a80e7e554e0bb9149f"
    },
    "@std/fs@0.221.0": {
      "integrity": "028044450299de8ed5a716ade4e6d524399f035513b85913794f4e81f07da286",
      "dependencies": [
        "jsr:@std/assert@0.221",
        "jsr:@std/path@0.221"
      ]
    },
    "@std/fs@1.0.6": {
      "integrity": "42b56e1e41b75583a21d5a37f6a6a27de9f510bcd36c0c85791d685ca0b85fa2"
    },
    "@std/internal@1.0.5": {
      "integrity": "54a546004f769c1ac9e025abd15a76b6671ddc9687e2313b67376125650dc7ba"
    },
    "@std/io@0.225.0": {
      "integrity": "c1db7c5e5a231629b32d64b9a53139445b2ca640d828c26bf23e1c55f8c079b3"
    },
    "@std/log@0.224.11": {
      "integrity": "df5e5a6d6ab8bcea016a17982cd2435f65234d6618bf631925587c0b2eae2a4e",
      "dependencies": [
        "jsr:@std/fmt@^1.0.3",
        "jsr:@std/fs@^1.0.6",
        "jsr:@std/io"
      ]
    },
    "@std/path@0.217.0": {
      "integrity": "1217cc25534bca9a2f672d7fe7c6f356e4027df400c0e85c0ef3e4343bc67d11",
      "dependencies": [
        "jsr:@std/assert@0.217"
      ]
    },
    "@std/path@0.221.0": {
      "integrity": "0a36f6b17314ef653a3a1649740cc8db51b25a133ecfe838f20b79a56ebe0095",
      "dependencies": [
        "jsr:@std/assert@0.221"
      ]
    }
  },
  "npm": {
    "@thi.ng/api@8.11.11": {
      "integrity": "sha512-/GKDIgyQXA7JKxwgJ6W5xgQVHIWXmoPnWHsNqfg7aIyYNpfMYtjLjao2+nXmZhwjizullMahJPH7Xrrm6o/vyg=="
    },
    "@thi.ng/arrays@2.10.4": {
      "integrity": "sha512-O3njL0GvhHwqxF03pXTpZbZlHcD1lyeAk6/+I4KMES5ff2hz8uYyT42naJ4zsrdq+6nxf/HQ+zuzYbky/1Llng==",
      "dependencies": [
        "@thi.ng/api",
        "@thi.ng/checks",
        "@thi.ng/compare",
        "@thi.ng/equiv",
        "@thi.ng/errors",
        "@thi.ng/random"
      ]
    },
    "@thi.ng/binary@3.4.34": {
      "integrity": "sha512-yfHoERldOYgbXoAGbQFYjmHKudxvEikey5Rja/N2zHawdYM6GwHQwfp0GdU6L/7G17l8v/pqLKvrpJMMzaV0ug==",
      "dependencies": [
        "@thi.ng/api"
      ]
    },
    "@thi.ng/checks@3.6.13": {
      "integrity": "sha512-LUK/S+QOkDMx1SEG3rubLfCu/KVSDTAEqAlwRP32WDPQXpWt95d7OSVI+oKDhAfpEPwdn13VufDSVcQqVNjEgw==",
      "dependencies": [
        "tslib"
      ]
    },
    "@thi.ng/compare@2.4.3": {
      "integrity": "sha512-iw4xeXXTSBXxWRkVdZwSORVGYJNsC4G5/UsAROJn9pFORbId2gyMov64gmIj2G/LdN679O0ztKv7KE4aBZLC2Q==",
      "dependencies": [
        "@thi.ng/api"
      ]
    },
    "@thi.ng/compose@3.0.14": {
      "integrity": "sha512-SnKz69dxAAbtNkyXMTbMMBQgTHSY50/ER4z43se0i4uBTHQmEedcPqzZrxSOwbpMyCLSWfx/9KnOwPpCWXqd3w==",
      "dependencies": [
        "@thi.ng/api",
        "@thi.ng/errors"
      ]
    },
    "@thi.ng/equiv@2.1.67": {
      "integrity": "sha512-n1H1MAp981nw7ymugzMWUt1wfo3eJQYXm00LDNtIB6IxGzaSnXV9JaIhMCfhyE9p33g72ChQNALaMjnu5rXCbg=="
    },
    "@thi.ng/errors@2.5.17": {
      "integrity": "sha512-ohBAZcGNEIEOgJ9BPH4tjIsOjVgsnMGh4a2j63r6El68efr8RRN4G+GNkDaqV/jk9wbHKZZPt2t6suJMliPyxg=="
    },
    "@thi.ng/hex@2.3.55": {
      "integrity": "sha512-ri79s2+YUeNAF62ij5YyYeoUig/4UrDdJztVInOdqnQ5RnWw7/Jyjt/JatNitf+dqdDbCBklLZwONCiedT6SCw=="
    },
    "@thi.ng/leb128@3.1.22": {
      "integrity": "sha512-ZI1927cglDwWx5YmLJEpgyBymsJlMKZExubLzd/js9pL9Z8MoSO3qXwaeZ432Pb4GZl1yyKte9Xd15nc0ms1Ww==",
      "dependencies": [
        "@thi.ng/checks",
        "@thi.ng/errors",
        "@thi.ng/transducers-binary"
      ]
    },
    "@thi.ng/math@5.11.11": {
      "integrity": "sha512-0XBmBf80+9JlLGqFR6Ci2bpVoyE5lhl0MwZv4PAgClBXjYz4SPr7fkScOia9TQ6lS56gRggxJiXDQA1kiso59g==",
      "dependencies": [
        "@thi.ng/api"
      ]
    },
    "@thi.ng/memoize@3.3.13": {
      "integrity": "sha512-hrNwi/f2GD1WuPIjTHapS/bDpv+8UUNwOkD5CpD3Q2Hpm1PXmpMSYY36Q3UCN9Ha86jswJZU9YVAR4VhRqx2JQ==",
      "dependencies": [
        "@thi.ng/api"
      ]
    },
    "@thi.ng/random@4.1.2": {
      "integrity": "sha512-PEdZlidlWdCisS3U5MH0Wa5sxdB2aRhkc9h9nBeC291OKMTfuGfIK5jh4EUodRskKuJj1H6UTPuyV9DVkw8rgg==",
      "dependencies": [
        "@thi.ng/api",
        "@thi.ng/errors"
      ]
    },
    "@thi.ng/strings@3.8.6": {
      "integrity": "sha512-y7Sauz16rBGMWNxvP4iVWivk+v2JPVU7mxbyEgH7olhMljHG7UaFh2XlgdC1mqFZ3TzEAHybjfkRrLXBH4DOWw==",
      "dependencies": [
        "@thi.ng/api",
        "@thi.ng/errors",
        "@thi.ng/hex",
        "@thi.ng/memoize"
      ]
    },
    "@thi.ng/transducers-binary@2.1.138": {
      "integrity": "sha512-tcNYnIBkZVkQtBqsocKu+R4LeWZsPDdnNqhovlYP4CHiFNioZW9u2IH4+VoKJ+k9F3N8gTzpBiSt2twjLOVdpQ==",
      "dependencies": [
        "@thi.ng/binary",
        "@thi.ng/compose",
        "@thi.ng/errors",
        "@thi.ng/hex",
        "@thi.ng/random",
        "@thi.ng/strings",
        "@thi.ng/transducers"
      ]
    },
    "@thi.ng/transducers@9.2.7": {
      "integrity": "sha512-Vurzfi8WpZ4M+YJw0RzsaxFphwAGKSBkEWwi9aQGYw7W7cN2yVUTLCWMqslEQ1XQwDURHmLM+m1ygf+jpYBPbw==",
      "dependencies": [
        "@thi.ng/api",
        "@thi.ng/arrays",
        "@thi.ng/checks",
        "@thi.ng/compare",
        "@thi.ng/compose",
        "@thi.ng/errors",
        "@thi.ng/math",
        "@thi.ng/random"
      ]
    },
    "ansi-regex@5.0.1": {
      "integrity": "sha512-quJQXlTSUGL2LH9SUXo8VwsY4soanhgo6LNSm84E1LBcE8s3O0wpdiRzyR9z/ZZJMlMWv37qOOb9pdJlMUEKFQ=="
    },
    "cli-progress@3.12.0": {
      "integrity": "sha512-tRkV3HJ1ASwm19THiiLIXLO7Im7wlTuKnvkYaTkyoAPefqjNg7W7DHKUlGRxy9vxDvbyCYQkQozvptuMkGCg8A==",
      "dependencies": [
        "string-width"
      ]
    },
    "emoji-regex@8.0.0": {
      "integrity": "sha512-MSjYzcWNOA0ewAHpz0MxpYFvwg6yjy1NG3xteoqz644VCo/RPgnr1/GGt+ic3iJTzQ8Eu3TdM14SawnVUmGE6A=="
    },
    "is-fullwidth-code-point@3.0.0": {
      "integrity": "sha512-zymm5+u+sCsSWyD9qNaejV3DFvhCKclKdizYaJUuHA83RLjb7nSuGnddCHGv0hk+KY7BMAlsWeK4Ueg6EV6XQg=="
    },
    "string-width@4.2.3": {
      "integrity": "sha512-wKyQRQpjJ0sIp62ErSZdGsjMJWsap5oRNihHhu6G7JVO/9jIB6UyevL+tXuOqrng8j/cxKTWyWUwvSTriiZz/g==",
      "dependencies": [
        "emoji-regex",
        "is-fullwidth-code-point",
        "strip-ansi"
      ]
    },
    "strip-ansi@6.0.1": {
      "integrity": "sha512-Y38VPSHcqkFrCpFnQ9vuSXmquuv5oXOKpGeT6aGrr3o3Gc9AlVa6JBfUSOCnbxGGZF+/0ooI7KrPuUSztUdU5A==",
      "dependencies": [
        "ansi-regex"
      ]
    },
    "tslib@2.8.0": {
      "integrity": "sha512-jWVzBLplnCmoaTr13V9dYbiQ99wvZRd0vNWaDRg+aVYRcjDF3nDksxFDE/+fkXnKhpnUUkmx5pK/v8mCtLVqZA=="
    }
  },
  "workspace": {
    "dependencies": [
      "jsr:@db/sqlite@0.12",
      "jsr:@std/assert@1",
      "jsr:@std/log@~0.224.11",
      "npm:@thi.ng/leb128@^3.1.22",
      "npm:cli-progress@^3.12.0"
    ]
  }
}
